
Microsoft Visual Studio Solution File, Format Version 12.00
# Visual Studio Version 17
VisualStudioVersion = 17.8.34309.116
MinimumVisualStudioVersion = 10.0.40219.1
Project("{9A19103F-16F7-4668-BE54-9A1E7A4F7556}") = "MVC", "MVC\MVC.csproj", "{D8C77F71-65BD-427E-A3F0-54565A9A0295}"
EndProject
Project("{9A19103F-16F7-4668-BE54-9A1E7A4F7556}") = "DataAccess", "DataAccess\DataAccess.csproj", "{FFAE4E1E-0140-4B18-BB4A-B45B3422268B}"
EndProject
Project("{FAE04EC0-301F-11D3-BF4B-00C04F79EFBC}") = "Business", "Business\Business.csproj", "{93014D6C-CDE9-4132-9E68-0534362C5CFB}"
EndProject
Global
	GlobalSection(SolutionConfigurationPlatforms) = preSolution
		Debug|Any CPU = Debug|Any CPU
		Release|Any CPU = Release|Any CPU
	EndGlobalSection
	GlobalSection(ProjectConfigurationPlatforms) = postSolution
		{D8C77F71-65BD-427E-A3F0-54565A9A0295}.Debug|Any CPU.ActiveCfg = Debug|Any CPU
		{D8C77F71-65BD-427E-A3F0-54565A9A0295}.Debug|Any CPU.Build.0 = Debug|Any CPU
		{D8C77F71-65BD-427E-A3F0-54565A9A0295}.Release|Any CPU.ActiveCfg = Release|Any CPU
		{D8C77F71-65BD-427E-A3F0-54565A9A0295}.Release|Any CPU.Build.0 = Release|Any CPU
		{FFAE4E1E-0140-4B18-BB4A-B45B3422268B}.Debug|Any CPU.ActiveCfg = Debug|Any CPU
		{FFAE4E1E-0140-4B18-BB4A-B45B3422268B}.Debug|Any CPU.Build.0 = Debug|Any CPU
		{FFAE4E1E-0140-4B18-BB4A-B45B3422268B}.Release|Any CPU.ActiveCfg = Release|Any CPU
		{FFAE4E1E-0140-4B18-BB4A-B45B3422268B}.Release|Any CPU.Build.0 = Release|Any CPU
		{93014D6C-CDE9-4132-9E68-0534362C5CFB}.Debug|Any CPU.ActiveCfg = Debug|Any CPU
		{93014D6C-CDE9-4132-9E68-0534362C5CFB}.Debug|Any CPU.Build.0 = Debug|Any CPU
		{93014D6C-CDE9-4132-9E68-0534362C5CFB}.Release|Any CPU.ActiveCfg = Release|Any CPU
		{93014D6C-CDE9-4132-9E68-0534362C5CFB}.Release|Any CPU.Build.0 = Release|Any CPU
	EndGlobalSection
	GlobalSection(SolutionProperties) = preSolution
		HideSolutionNode = FALSE
	EndGlobalSection
	GlobalSection(ExtensibilityGlobals) = postSolution
		SolutionGuid = {E7137F56-E972-4F31-AF4A-10B9C58EFDCB}
	EndGlobalSection
EndGlobal
